
Microsoft Visual Studio Solution File, Format Version 12.00
# Visual Studio Version 16
VisualStudioVersion = 16.0.31321.278
MinimumVisualStudioVersion = 10.0.40219.1
Project("{FAE04EC0-301F-11D3-BF4B-00C04F79EFBC}") = "ForExample29062021", "ForExample29062021.csproj", "{FD3203DA-8387-401F-BCAB-A0A9C63F3460}"
EndProject
Global
	GlobalSection(SolutionConfigurationPlatforms) = preSolution
		Debug|Any CPU = Debug|Any CPU
		Release|Any CPU = Release|Any CPU
	EndGlobalSection
	GlobalSection(ProjectConfigurationPlatforms) = postSolution
		{FD3203DA-8387-401F-BCAB-A0A9C63F3460}.Debug|Any CPU.ActiveCfg = Debug|Any CPU
		{FD3203DA-8387-401F-BCAB-A0A9C63F3460}.Debug|Any CPU.Build.0 = Debug|Any CPU
		{FD3203DA-8387-401F-BCAB-A0A9C63F3460}.Release|Any CPU.ActiveCfg = Release|Any CPU
		{FD3203DA-8387-401F-BCAB-A0A9C63F3460}.Release|Any CPU.Build.0 = Release|Any CPU
	EndGlobalSection
	GlobalSection(SolutionProperties) = preSolution
		HideSolutionNode = FALSE
	EndGlobalSection
	GlobalSection(ExtensibilityGlobals) = postSolution
		SolutionGuid = {A43CADFD-4996-4060-89D8-C32F2444A494}
	EndGlobalSection
EndGlobal
